// !$*UTF8*$!
{
	archiveVersion = 1;
	classes = {
	};
	objectVersion = 56;
	objects = {

/* Begin PBXBuildFile section */
		DF0E0BF12CDFD05E008D277B /* AppDelegate.swift in Sources */ = {isa = PBXBuildFile; fileRef = DF0E0BF02CDFD05E008D277B /* AppDelegate.swift */; };
		DF0E0BF32CDFD05E008D277B /* SceneDelegate.swift in Sources */ = {isa = PBXBuildFile; fileRef = DF0E0BF22CDFD05E008D277B /* SceneDelegate.swift */; };
		DF0E0BF52CDFD05E008D277B /* ConverstationViewController.swift in Sources */ = {isa = PBXBuildFile; fileRef = DF0E0BF42CDFD05E008D277B /* ConverstationViewController.swift */; };
		DF0E0BF82CDFD05E008D277B /* Main.storyboard in Resources */ = {isa = PBXBuildFile; fileRef = DF0E0BF62CDFD05E008D277B /* Main.storyboard */; };
		DF0E0BFA2CDFD06A008D277B /* Assets.xcassets in Resources */ = {isa = PBXBuildFile; fileRef = DF0E0BF92CDFD06A008D277B /* Assets.xcassets */; };
		DF0E0BFD2CDFD06A008D277B /* LaunchScreen.storyboard in Resources */ = {isa = PBXBuildFile; fileRef = DF0E0BFB2CDFD06A008D277B /* LaunchScreen.storyboard */; };
		DF0E0C0A2CDFDA9B008D277B /* LoginViewController.swift in Sources */ = {isa = PBXBuildFile; fileRef = DF0E0C092CDFDA9B008D277B /* LoginViewController.swift */; };
		DF0E0C0C2CDFDAC2008D277B /* RegisterViewController.swift in Sources */ = {isa = PBXBuildFile; fileRef = DF0E0C0B2CDFDAC2008D277B /* RegisterViewController.swift */; };
		DF0E0C0E2CDFDAD4008D277B /* PhotoViewerViewController.swift in Sources */ = {isa = PBXBuildFile; fileRef = DF0E0C0D2CDFDAD4008D277B /* PhotoViewerViewController.swift */; };
		DF0E0C102CDFDAE9008D277B /* VedioPlayerViewController.swift in Sources */ = {isa = PBXBuildFile; fileRef = DF0E0C0F2CDFDAE9008D277B /* VedioPlayerViewController.swift */; };
		DF0E0C122CDFDB1D008D277B /* NewConversationViewController.swift in Sources */ = {isa = PBXBuildFile; fileRef = DF0E0C112CDFDB1D008D277B /* NewConversationViewController.swift */; };
		DF0E0C142CDFDB3A008D277B /* ProfileViewController.swift in Sources */ = {isa = PBXBuildFile; fileRef = DF0E0C132CDFDB3A008D277B /* ProfileViewController.swift */; };
/* End PBXBuildFile section */

/* Begin PBXFileReference section */
		DF0E0BED2CDFD05E008D277B /* Messanger.app */ = {isa = PBXFileReference; explicitFileType = wrapper.application; includeInIndex = 0; path = Messanger.app; sourceTree = BUILT_PRODUCTS_DIR; };
		DF0E0BF02CDFD05E008D277B /* AppDelegate.swift */ = {isa = PBXFileReference; lastKnownFileType = sourcecode.swift; path = AppDelegate.swift; sourceTree = "<group>"; };
		DF0E0BF22CDFD05E008D277B /* SceneDelegate.swift */ = {isa = PBXFileReference; lastKnownFileType = sourcecode.swift; path = SceneDelegate.swift; sourceTree = "<group>"; };
		DF0E0BF42CDFD05E008D277B /* ConverstationViewController.swift */ = {isa = PBXFileReference; lastKnownFileType = sourcecode.swift; path = ConverstationViewController.swift; sourceTree = "<group>"; };
		DF0E0BF72CDFD05E008D277B /* Base */ = {isa = PBXFileReference; lastKnownFileType = file.storyboard; name = Base; path = Base.lproj/Main.storyboard; sourceTree = "<group>"; };
		DF0E0BF92CDFD06A008D277B /* Assets.xcassets */ = {isa = PBXFileReference; lastKnownFileType = folder.assetcatalog; path = Assets.xcassets; sourceTree = "<group>"; };
		DF0E0BFC2CDFD06A008D277B /* Base */ = {isa = PBXFileReference; lastKnownFileType = file.storyboard; name = Base; path = Base.lproj/LaunchScreen.storyboard; sourceTree = "<group>"; };
		DF0E0BFE2CDFD06A008D277B /* Info.plist */ = {isa = PBXFileReference; lastKnownFileType = text.plist.xml; path = Info.plist; sourceTree = "<group>"; };
		DF0E0C092CDFDA9B008D277B /* LoginViewController.swift */ = {isa = PBXFileReference; lastKnownFileType = sourcecode.swift; path = LoginViewController.swift; sourceTree = "<group>"; };
		DF0E0C0B2CDFDAC2008D277B /* RegisterViewController.swift */ = {isa = PBXFileReference; lastKnownFileType = sourcecode.swift; path = RegisterViewController.swift; sourceTree = "<group>"; };
		DF0E0C0D2CDFDAD4008D277B /* PhotoViewerViewController.swift */ = {isa = PBXFileReference; lastKnownFileType = sourcecode.swift; path = PhotoViewerViewController.swift; sourceTree = "<group>"; };
		DF0E0C0F2CDFDAE9008D277B /* VedioPlayerViewController.swift */ = {isa = PBXFileReference; lastKnownFileType = sourcecode.swift; path = VedioPlayerViewController.swift; sourceTree = "<group>"; };
		DF0E0C112CDFDB1D008D277B /* NewConversationViewController.swift */ = {isa = PBXFileReference; lastKnownFileType = sourcecode.swift; path = NewConversationViewController.swift; sourceTree = "<group>"; };
		DF0E0C132CDFDB3A008D277B /* ProfileViewController.swift */ = {isa = PBXFileReference; lastKnownFileType = sourcecode.swift; path = ProfileViewController.swift; sourceTree = "<group>"; };
/* End PBXFileReference section */

/* Begin PBXFrameworksBuildPhase section */
		DF0E0BEA2CDFD05E008D277B /* Frameworks */ = {
			isa = PBXFrameworksBuildPhase;
			buildActionMask = 2147483647;
			files = (
			);
			runOnlyForDeploymentPostprocessing = 0;
		};
/* End PBXFrameworksBuildPhase section */

/* Begin PBXGroup section */
		DF0E0BE42CDFD05D008D277B = {
			isa = PBXGroup;
			children = (
				DF0E0BEF2CDFD05E008D277B /* Messanger */,
				DF0E0BEE2CDFD05E008D277B /* Products */,
			);
			sourceTree = "<group>";
		};
		DF0E0BEE2CDFD05E008D277B /* Products */ = {
			isa = PBXGroup;
			children = (
				DF0E0BED2CDFD05E008D277B /* Messanger.app */,
			);
			name = Products;
			sourceTree = "<group>";
		};
		DF0E0BEF2CDFD05E008D277B /* Messanger */ = {
			isa = PBXGroup;
			children = (
				DF0E0C072CDFD8B0008D277B /* Resources */,
				DF0E0C062CDFD8A0008D277B /* ViewModels */,
				DF0E0C052CDFD892008D277B /* Views */,
				DF0E0C042CDFD875008D277B /* Controllers */,
				DF0E0BFE2CDFD06A008D277B /* Info.plist */,
			);
			path = Messanger;
			sourceTree = "<group>";
		};
		DF0E0C042CDFD875008D277B /* Controllers */ = {
			isa = PBXGroup;
			children = (
				DF0E0BF42CDFD05E008D277B /* ConverstationViewController.swift */,
				DF0E0C092CDFDA9B008D277B /* LoginViewController.swift */,
				DF0E0C0F2CDFDAE9008D277B /* VedioPlayerViewController.swift */,
				DF0E0C132CDFDB3A008D277B /* ProfileViewController.swift */,
				DF0E0C112CDFDB1D008D277B /* NewConversationViewController.swift */,
				DF0E0C0D2CDFDAD4008D277B /* PhotoViewerViewController.swift */,
				DF0E0C0B2CDFDAC2008D277B /* RegisterViewController.swift */,
			);
			path = Controllers;
			sourceTree = "<group>";
		};
		DF0E0C052CDFD892008D277B /* Views */ = {
			isa = PBXGroup;
			children = (
				DF0E0C082CDFD923008D277B /* StoryBoards */,
				DF0E0BF92CDFD06A008D277B /* Assets.xcassets */,
			);
			path = Views;
			sourceTree = "<group>";
		};
		DF0E0C062CDFD8A0008D277B /* ViewModels */ = {
			isa = PBXGroup;
			children = (
			);
			path = ViewModels;
			sourceTree = "<group>";
		};
		DF0E0C072CDFD8B0008D277B /* Resources */ = {
			isa = PBXGroup;
			children = (
				DF0E0BF02CDFD05E008D277B /* AppDelegate.swift */,
				DF0E0BF22CDFD05E008D277B /* SceneDelegate.swift */,
			);
			path = Resources;
			sourceTree = "<group>";
		};
		DF0E0C082CDFD923008D277B /* StoryBoards */ = {
			isa = PBXGroup;
			children = (
				DF0E0BF62CDFD05E008D277B /* Main.storyboard */,
				DF0E0BFB2CDFD06A008D277B /* LaunchScreen.storyboard */,
			);
			path = StoryBoards;
			sourceTree = "<group>";
		};
/* End PBXGroup section */

/* Begin PBXNativeTarget section */
		DF0E0BEC2CDFD05E008D277B /* Messanger */ = {
			isa = PBXNativeTarget;
			buildConfigurationList = DF0E0C012CDFD06A008D277B /* Build configuration list for PBXNativeTarget "Messanger" */;
			buildPhases = (
				DF0E0BE92CDFD05E008D277B /* Sources */,
				DF0E0BEA2CDFD05E008D277B /* Frameworks */,
				DF0E0BEB2CDFD05E008D277B /* Resources */,
			);
			buildRules = (
			);
			dependencies = (
			);
			name = Messanger;
			productName = Messanger;
			productReference = DF0E0BED2CDFD05E008D277B /* Messanger.app */;
			productType = "com.apple.product-type.application";
		};
/* End PBXNativeTarget section */

/* Begin PBXProject section */
		DF0E0BE52CDFD05D008D277B /* Project object */ = {
			isa = PBXProject;
			attributes = {
				BuildIndependentTargetsInParallel = 1;
				LastSwiftUpdateCheck = 1500;
				LastUpgradeCheck = 1500;
				TargetAttributes = {
					DF0E0BEC2CDFD05E008D277B = {
						CreatedOnToolsVersion = 15.0.1;
					};
				};
			};
			buildConfigurationList = DF0E0BE82CDFD05D008D277B /* Build configuration list for PBXProject "Messanger" */;
			compatibilityVersion = "Xcode 14.0";
			developmentRegion = en;
			hasScannedForEncodings = 0;
			knownRegions = (
				en,
				Base,
			);
			mainGroup = DF0E0BE42CDFD05D008D277B;
			productRefGroup = DF0E0BEE2CDFD05E008D277B /* Products */;
			projectDirPath = "";
			projectRoot = "";
			targets = (
				DF0E0BEC2CDFD05E008D277B /* Messanger */,
			);
		};
/* End PBXProject section */

/* Begin PBXResourcesBuildPhase section */
		DF0E0BEB2CDFD05E008D277B /* Resources */ = {
			isa = PBXResourcesBuildPhase;
			buildActionMask = 2147483647;
			files = (
				DF0E0BFD2CDFD06A008D277B /* LaunchScreen.storyboard in Resources */,
				DF0E0BFA2CDFD06A008D277B /* Assets.xcassets in Resources */,
				DF0E0BF82CDFD05E008D277B /* Main.storyboard in Resources */,
			);
			runOnlyForDeploymentPostprocessing = 0;
		};
/* End PBXResourcesBuildPhase section */

/* Begin PBXSourcesBuildPhase section */
		DF0E0BE92CDFD05E008D277B /* Sources */ = {
			isa = PBXSourcesBuildPhase;
			buildActionMask = 2147483647;
			files = (
				DF0E0C0A2CDFDA9B008D277B /* LoginViewController.swift in Sources */,
				DF0E0C0C2CDFDAC2008D277B /* RegisterViewController.swift in Sources */,
				DF0E0C122CDFDB1D008D277B /* NewConversationViewController.swift in Sources */,
				DF0E0C102CDFDAE9008D277B /* VedioPlayerViewController.swift in Sources */,
				DF0E0BF52CDFD05E008D277B /* ConverstationViewController.swift in Sources */,
				DF0E0BF12CDFD05E008D277B /* AppDelegate.swift in Sources */,
				DF0E0C142CDFDB3A008D277B /* ProfileViewController.swift in Sources */,
				DF0E0BF32CDFD05E008D277B /* SceneDelegate.swift in Sources */,
				DF0E0C0E2CDFDAD4008D277B /* PhotoViewerViewController.swift in Sources */,
			);
			runOnlyForDeploymentPostprocessing = 0;
		};
/* End PBXSourcesBuildPhase section */

/* Begin PBXVariantGroup section */
		DF0E0BF62CDFD05E008D277B /* Main.storyboard */ = {
			isa = PBXVariantGroup;
			children = (
				DF0E0BF72CDFD05E008D277B /* Base */,
			);
			name = Main.storyboard;
			sourceTree = "<group>";
		};
		DF0E0BFB2CDFD06A008D277B /* LaunchScreen.storyboard */ = {
			isa = PBXVariantGroup;
			children = (
				DF0E0BFC2CDFD06A008D277B /* Base */,
			);
			name = LaunchScreen.storyboard;
			sourceTree = "<group>";
		};
/* End PBXVariantGroup section */

/* Begin XCBuildConfiguration section */
		DF0E0BFF2CDFD06A008D277B /* Debug */ = {
			isa = XCBuildConfiguration;
			buildSettings = {
				ALWAYS_SEARCH_USER_PATHS = NO;
				ASSETCATALOG_COMPILER_GENERATE_SWIFT_ASSET_SYMBOL_EXTENSIONS = YES;
				CLANG_ANALYZER_NONNULL = YES;
				CLANG_ANALYZER_NUMBER_OBJECT_CONVERSION = YES_AGGRESSIVE;
				CLANG_CXX_LANGUAGE_STANDARD = "gnu++20";
				CLANG_ENABLE_MODULES = YES;
				CLANG_ENABLE_OBJC_ARC = YES;
				CLANG_ENABLE_OBJC_WEAK = YES;
				CLANG_WARN_BLOCK_CAPTURE_AUTORELEASING = YES;
				CLANG_WARN_BOOL_CONVERSION = YES;
				CLANG_WARN_COMMA = YES;
				CLANG_WARN_CONSTANT_CONVERSION = YES;
				CLANG_WARN_DEPRECATED_OBJC_IMPLEMENTATIONS = YES;
				CLANG_WARN_DIRECT_OBJC_ISA_USAGE = YES_ERROR;
				CLANG_WARN_DOCUMENTATION_COMMENTS = YES;
				CLANG_WARN_EMPTY_BODY = YES;
				CLANG_WARN_ENUM_CONVERSION = YES;
				CLANG_WARN_INFINITE_RECURSION = YES;
				CLANG_WARN_INT_CONVERSION = YES;
				CLANG_WARN_NON_LITERAL_NULL_CONVERSION = YES;
				CLANG_WARN_OBJC_IMPLICIT_RETAIN_SELF = YES;
				CLANG_WARN_OBJC_LITERAL_CONVERSION = YES;
				CLANG_WARN_OBJC_ROOT_CLASS = YES_ERROR;
				CLANG_WARN_QUOTED_INCLUDE_IN_FRAMEWORK_HEADER = YES;
				CLANG_WARN_RANGE_LOOP_ANALYSIS = YES;
				CLANG_WARN_STRICT_PROTOTYPES = YES;
				CLANG_WARN_SUSPICIOUS_MOVE = YES;
				CLANG_WARN_UNGUARDED_AVAILABILITY = YES_AGGRESSIVE;
				CLANG_WARN_UNREACHABLE_CODE = YES;
				CLANG_WARN__DUPLICATE_METHOD_MATCH = YES;
				COPY_PHASE_STRIP = NO;
				DEBUG_INFORMATION_FORMAT = dwarf;
				ENABLE_STRICT_OBJC_MSGSEND = YES;
				ENABLE_TESTABILITY = YES;
				ENABLE_USER_SCRIPT_SANDBOXING = YES;
				GCC_C_LANGUAGE_STANDARD = gnu17;
				GCC_DYNAMIC_NO_PIC = NO;
				GCC_NO_COMMON_BLOCKS = YES;
				GCC_OPTIMIZATION_LEVEL = 0;
				GCC_PREPROCESSOR_DEFINITIONS = (
					"DEBUG=1",
					"$(inherited)",
				);
				GCC_WARN_64_TO_32_BIT_CONVERSION = YES;
				GCC_WARN_ABOUT_RETURN_TYPE = YES_ERROR;
				GCC_WARN_UNDECLARED_SELECTOR = YES;
				GCC_WARN_UNINITIALIZED_AUTOS = YES_AGGRESSIVE;
				GCC_WARN_UNUSED_FUNCTION = YES;
				GCC_WARN_UNUSED_VARIABLE = YES;
				IPHONEOS_DEPLOYMENT_TARGET = 17.0;
				LOCALIZATION_PREFERS_STRING_CATALOGS = YES;
				MTL_ENABLE_DEBUG_INFO = INCLUDE_SOURCE;
				MTL_FAST_MATH = YES;
				ONLY_ACTIVE_ARCH = YES;
				SDKROOT = iphoneos;
				SWIFT_ACTIVE_COMPILATION_CONDITIONS = "DEBUG $(inherited)";
				SWIFT_OPTIMIZATION_LEVEL = "-Onone";
			};
			name = Debug;
		};
		DF0E0C002CDFD06A008D277B /* Release */ = {
			isa = XCBuildConfiguration;
			buildSettings = {
				ALWAYS_SEARCH_USER_PATHS = NO;
				ASSETCATALOG_COMPILER_GENERATE_SWIFT_ASSET_SYMBOL_EXTENSIONS = YES;
				CLANG_ANALYZER_NONNULL = YES;
				CLANG_ANALYZER_NUMBER_OBJECT_CONVERSION = YES_AGGRESSIVE;
				CLANG_CXX_LANGUAGE_STANDARD = "gnu++20";
				CLANG_ENABLE_MODULES = YES;
				CLANG_ENABLE_OBJC_ARC = YES;
				CLANG_ENABLE_OBJC_WEAK = YES;
				CLANG_WARN_BLOCK_CAPTURE_AUTORELEASING = YES;
				CLANG_WARN_BOOL_CONVERSION = YES;
				CLANG_WARN_COMMA = YES;
				CLANG_WARN_CONSTANT_CONVERSION = YES;
				CLANG_WARN_DEPRECATED_OBJC_IMPLEMENTATIONS = YES;
				CLANG_WARN_DIRECT_OBJC_ISA_USAGE = YES_ERROR;
				CLANG_WARN_DOCUMENTATION_COMMENTS = YES;
				CLANG_WARN_EMPTY_BODY = YES;
				CLANG_WARN_ENUM_CONVERSION = YES;
				CLANG_WARN_INFINITE_RECURSION = YES;
				CLANG_WARN_INT_CONVERSION = YES;
				CLANG_WARN_NON_LITERAL_NULL_CONVERSION = YES;
				CLANG_WARN_OBJC_IMPLICIT_RETAIN_SELF = YES;
				CLANG_WARN_OBJC_LITERAL_CONVERSION = YES;
				CLANG_WARN_OBJC_ROOT_CLASS = YES_ERROR;
				CLANG_WARN_QUOTED_INCLUDE_IN_FRAMEWORK_HEADER = YES;
				CLANG_WARN_RANGE_LOOP_ANALYSIS = YES;
				CLANG_WARN_STRICT_PROTOTYPES = YES;
				CLANG_WARN_SUSPICIOUS_MOVE = YES;
				CLANG_WARN_UNGUARDED_AVAILABILITY = YES_AGGRESSIVE;
				CLANG_WARN_UNREACHABLE_CODE = YES;
				CLANG_WARN__DUPLICATE_METHOD_MATCH = YES;
				COPY_PHASE_STRIP = NO;
				DEBUG_INFORMATION_FORMAT = "dwarf-with-dsym";
				ENABLE_NS_ASSERTIONS = NO;
				ENABLE_STRICT_OBJC_MSGSEND = YES;
				ENABLE_USER_SCRIPT_SANDBOXING = YES;
				GCC_C_LANGUAGE_STANDARD = gnu17;
				GCC_NO_COMMON_BLOCKS = YES;
				GCC_WARN_64_TO_32_BIT_CONVERSION = YES;
				GCC_WARN_ABOUT_RETURN_TYPE = YES_ERROR;
				GCC_WARN_UNDECLARED_SELECTOR = YES;
				GCC_WARN_UNINITIALIZED_AUTOS = YES_AGGRESSIVE;
				GCC_WARN_UNUSED_FUNCTION = YES;
				GCC_WARN_UNUSED_VARIABLE = YES;
				IPHONEOS_DEPLOYMENT_TARGET = 17.0;
				LOCALIZATION_PREFERS_STRING_CATALOGS = YES;
				MTL_ENABLE_DEBUG_INFO = NO;
				MTL_FAST_MATH = YES;
				SDKROOT = iphoneos;
				SWIFT_COMPILATION_MODE = wholemodule;
				VALIDATE_PRODUCT = YES;
			};
			name = Release;
		};
		DF0E0C022CDFD06A008D277B /* Debug */ = {
			isa = XCBuildConfiguration;
			buildSettings = {
				ASSETCATALOG_COMPILER_APPICON_NAME = AppIcon;
				ASSETCATALOG_COMPILER_GLOBAL_ACCENT_COLOR_NAME = AccentColor;
				CODE_SIGN_STYLE = Automatic;
				CURRENT_PROJECT_VERSION = 1;
				GENERATE_INFOPLIST_FILE = YES;
				INFOPLIST_FILE = Messanger/Info.plist;
				INFOPLIST_KEY_UIApplicationSupportsIndirectInputEvents = YES;
				INFOPLIST_KEY_UILaunchStoryboardName = LaunchScreen;
				INFOPLIST_KEY_UIMainStoryboardFile = Main;
				INFOPLIST_KEY_UISupportedInterfaceOrientations = "UIInterfaceOrientationLandscapeLeft UIInterfaceOrientationLandscapeRight UIInterfaceOrientationPortrait";
				INFOPLIST_KEY_UISupportedInterfaceOrientations_iPad = "UIInterfaceOrientationPortrait UIInterfaceOrientationPortraitUpsideDown";
				IPHONEOS_DEPLOYMENT_TARGET = 13.0;
				LD_RUNPATH_SEARCH_PATHS = (
					"$(inherited)",
					"@executable_path/Frameworks",
				);
				MARKETING_VERSION = 1.0;
				PRODUCT_BUNDLE_IDENTIFIER = nil.Messanger;
				PRODUCT_NAME = "$(TARGET_NAME)";
				SWIFT_EMIT_LOC_STRINGS = YES;
				SWIFT_VERSION = 5.0;
				TARGETED_DEVICE_FAMILY = "1,2";
			};
			name = Debug;
		};
		DF0E0C032CDFD06A008D277B /* Release */ = {
			isa = XCBuildConfiguration;
			buildSettings = {
				ASSETCATALOG_COMPILER_APPICON_NAME = AppIcon;
				ASSETCATALOG_COMPILER_GLOBAL_ACCENT_COLOR_NAME = AccentColor;
				CODE_SIGN_STYLE = Automatic;
				CURRENT_PROJECT_VERSION = 1;
				GENERATE_INFOPLIST_FILE = YES;
				INFOPLIST_FILE = Messanger/Info.plist;
				INFOPLIST_KEY_UIApplicationSupportsIndirectInputEvents = YES;
				INFOPLIST_KEY_UILaunchStoryboardName = LaunchScreen;
				INFOPLIST_KEY_UIMainStoryboardFile = Main;
				INFOPLIST_KEY_UISupportedInterfaceOrientations = "UIInterfaceOrientationLandscapeLeft UIInterfaceOrientationLandscapeRight UIInterfaceOrientationPortrait";
				INFOPLIST_KEY_UISupportedInterfaceOrientations_iPad = "UIInterfaceOrientationPortrait UIInterfaceOrientationPortraitUpsideDown";
				IPHONEOS_DEPLOYMENT_TARGET = 13.0;
				LD_RUNPATH_SEARCH_PATHS = (
					"$(inherited)",
					"@executable_path/Frameworks",
				);
				MARKETING_VERSION = 1.0;
				PRODUCT_BUNDLE_IDENTIFIER = nil.Messanger;
				PRODUCT_NAME = "$(TARGET_NAME)";
				SWIFT_EMIT_LOC_STRINGS = YES;
				SWIFT_VERSION = 5.0;
				TARGETED_DEVICE_FAMILY = "1,2";
			};
			name = Release;
		};
/* End XCBuildConfiguration section */

/* Begin XCConfigurationList section */
		DF0E0BE82CDFD05D008D277B /* Build configuration list for PBXProject "Messanger" */ = {
			isa = XCConfigurationList;
			buildConfigurations = (
				DF0E0BFF2CDFD06A008D277B /* Debug */,
				DF0E0C002CDFD06A008D277B /* Release */,
			);
			defaultConfigurationIsVisible = 0;
			defaultConfigurationName = Release;
		};
		DF0E0C012CDFD06A008D277B /* Build configuration list for PBXNativeTarget "Messanger" */ = {
			isa = XCConfigurationList;
			buildConfigurations = (
				DF0E0C022CDFD06A008D277B /* Debug */,
				DF0E0C032CDFD06A008D277B /* Release */,
			);
			defaultConfigurationIsVisible = 0;
			defaultConfigurationName = Release;
		};
/* End XCConfigurationList section */
	};
	rootObject = DF0E0BE52CDFD05D008D277B /* Project object */;
}
